// !$*UTF8*$!
{
	archiveVersion = 1;
	classes = {
	};
	objectVersion = 56;
	objects = {

/* Begin PBXBuildFile section */
		CC347B3F2C1F2F0100DD50A6 /* SearchHistoryView.swift in Sources */ = {isa = PBXBuildFile; fileRef = CC347B3E2C1F2F0100DD50A6 /* SearchHistoryView.swift */; };
		CC347B412C1F315E00DD50A6 /* SearchHistoryTableView.swift in Sources */ = {isa = PBXBuildFile; fileRef = CC347B402C1F315E00DD50A6 /* SearchHistoryTableView.swift */; };
		CC347B432C1F323A00DD50A6 /* SearchHistoryTableViewCell.swift in Sources */ = {isa = PBXBuildFile; fileRef = CC347B422C1F323A00DD50A6 /* SearchHistoryTableViewCell.swift */; };
		CC347B462C1F438800DD50A6 /* SearchHistoryModel.swift in Sources */ = {isa = PBXBuildFile; fileRef = CC347B452C1F438800DD50A6 /* SearchHistoryModel.swift */; };
		CC38046D2C1D82D500172CAF /* ProfileImageSettingViewController.swift in Sources */ = {isa = PBXBuildFile; fileRef = CC38046C2C1D82D500172CAF /* ProfileImageSettingViewController.swift */; };
		CC38046F2C1D830700172CAF /* ProfileImageSettingView.swift in Sources */ = {isa = PBXBuildFile; fileRef = CC38046E2C1D830700172CAF /* ProfileImageSettingView.swift */; };
		CC3804722C1D841800172CAF /* ProfileImageCollectionView.swift in Sources */ = {isa = PBXBuildFile; fileRef = CC3804712C1D841800172CAF /* ProfileImageCollectionView.swift */; };
		CC3804742C1D84E700172CAF /* ProfileImageCollectionViewCell.swift in Sources */ = {isa = PBXBuildFile; fileRef = CC3804732C1D84E700172CAF /* ProfileImageCollectionViewCell.swift */; };
		CC3804762C1D853C00172CAF /* ReusableProtocol.swift in Sources */ = {isa = PBXBuildFile; fileRef = CC3804752C1D853C00172CAF /* ReusableProtocol.swift */; };
		CC3804792C1D8A5A00172CAF /* NewProfileImageSettingView.swift in Sources */ = {isa = PBXBuildFile; fileRef = CC3804782C1D8A5A00172CAF /* NewProfileImageSettingView.swift */; };
		CC38048A2C1DA91700172CAF /* ProfileModel.swift in Sources */ = {isa = PBXBuildFile; fileRef = CC3804892C1DA91700172CAF /* ProfileModel.swift */; };
		CC38B1F22C1DAE57000AFD92 /* NicknameValidationStatus.swift in Sources */ = {isa = PBXBuildFile; fileRef = CC38B1F12C1DAE57000AFD92 /* NicknameValidationStatus.swift */; };
		CC38B1F82C1DE328000AFD92 /* UserDefaultsKey.swift in Sources */ = {isa = PBXBuildFile; fileRef = CC38B1F72C1DE328000AFD92 /* UserDefaultsKey.swift */; };
		CC38B1FE2C1E05B9000AFD92 /* CameraImageView.swift in Sources */ = {isa = PBXBuildFile; fileRef = CC38B1FD2C1E05B9000AFD92 /* CameraImageView.swift */; };
		CC4A6B302C1EB1D900AC878A /* Placeholder.swift in Sources */ = {isa = PBXBuildFile; fileRef = CC4A6B2F2C1EB1D900AC878A /* Placeholder.swift */; };
		CC4A6B322C1EB31400AC878A /* EmptySearchHistoryView.swift in Sources */ = {isa = PBXBuildFile; fileRef = CC4A6B312C1EB31400AC878A /* EmptySearchHistoryView.swift */; };
		CC4A6B342C1EBD6B00AC878A /* NetworkManager.swift in Sources */ = {isa = PBXBuildFile; fileRef = CC4A6B332C1EBD6B00AC878A /* NetworkManager.swift */; };
		CC4A6B372C1EBE4A00AC878A /* SearchResultDTO.swift in Sources */ = {isa = PBXBuildFile; fileRef = CC4A6B362C1EBE4A00AC878A /* SearchResultDTO.swift */; };
		CC4A6B392C1EC0C700AC878A /* SearchResultModel.swift in Sources */ = {isa = PBXBuildFile; fileRef = CC4A6B382C1EC0C700AC878A /* SearchResultModel.swift */; };
		CC4A6B3B2C1EC18A00AC878A /* API.swift in Sources */ = {isa = PBXBuildFile; fileRef = CC4A6B3A2C1EC18A00AC878A /* API.swift */; };
		CC4A6B3E2C1EC78100AC878A /* SearchResultViewController.swift in Sources */ = {isa = PBXBuildFile; fileRef = CC4A6B3D2C1EC78100AC878A /* SearchResultViewController.swift */; };
		CC4A6B412C1EC7A200AC878A /* SearchResultRootView.swift in Sources */ = {isa = PBXBuildFile; fileRef = CC4A6B402C1EC7A200AC878A /* SearchResultRootView.swift */; };
		CC4A6B432C1ECF7400AC878A /* SortButtonsView.swift in Sources */ = {isa = PBXBuildFile; fileRef = CC4A6B422C1ECF7400AC878A /* SortButtonsView.swift */; };
		CC4A6B452C1EDEC600AC878A /* SearchResultCollectionView.swift in Sources */ = {isa = PBXBuildFile; fileRef = CC4A6B442C1EDEC600AC878A /* SearchResultCollectionView.swift */; };
		CC4A6B472C1EDF2700AC878A /* SearchResultCollectionViewCell.swift in Sources */ = {isa = PBXBuildFile; fileRef = CC4A6B462C1EDF2700AC878A /* SearchResultCollectionViewCell.swift */; };
		CC4A6B4B2C1EDFE200AC878A /* ProductImageView.swift in Sources */ = {isa = PBXBuildFile; fileRef = CC4A6B4A2C1EDFE200AC878A /* ProductImageView.swift */; };
		CC4A6B4D2C1EF90100AC878A /* String+Extension.swift in Sources */ = {isa = PBXBuildFile; fileRef = CC4A6B4C2C1EF90100AC878A /* String+Extension.swift */; };
		CC7C83052C1D6B82007406DA /* NicknameTextFieldView.swift in Sources */ = {isa = PBXBuildFile; fileRef = CC7C83042C1D6B82007406DA /* NicknameTextFieldView.swift */; };
		CC7C83082C1D73CB007406DA /* ProfileSettingType.swift in Sources */ = {isa = PBXBuildFile; fileRef = CC7C83072C1D73CB007406DA /* ProfileSettingType.swift */; };
		CC7C830A2C1D79E3007406DA /* NewNicknameSettingView.swift in Sources */ = {isa = PBXBuildFile; fileRef = CC7C83092C1D79E3007406DA /* NewNicknameSettingView.swift */; };
		CC7D8C132C1C45A40079FD71 /* ProfileImageView.swift in Sources */ = {isa = PBXBuildFile; fileRef = CC7D8C122C1C45A40079FD71 /* ProfileImageView.swift */; };
		CC7D8C162C1C4B270079FD71 /* CurrentProfileImageView.swift in Sources */ = {isa = PBXBuildFile; fileRef = CC7D8C152C1C4B270079FD71 /* CurrentProfileImageView.swift */; };
		CC7D8C182C1C4CE10079FD71 /* UIImage+Extension.swift in Sources */ = {isa = PBXBuildFile; fileRef = CC7D8C172C1C4CE10079FD71 /* UIImage+Extension.swift */; };
		CC9954F62C1EA09E00CF1374 /* NavigationManager.swift in Sources */ = {isa = PBXBuildFile; fileRef = CC9954F52C1EA09E00CF1374 /* NavigationManager.swift */; };
		CC9AE6EA2C1FC0F800DD5556 /* SortType.swift in Sources */ = {isa = PBXBuildFile; fileRef = CC9AE6E92C1FC0F800DD5556 /* SortType.swift */; };
		CC9AE6ED2C1FD40400DD5556 /* ProductDetailView.swift in Sources */ = {isa = PBXBuildFile; fileRef = CC9AE6EC2C1FD40400DD5556 /* ProductDetailView.swift */; };
		CC9AE6EF2C1FD47C00DD5556 /* ProductDetailViewController.swift in Sources */ = {isa = PBXBuildFile; fileRef = CC9AE6EE2C1FD47C00DD5556 /* ProductDetailViewController.swift */; };
		CC9AE6F32C1FDA3100DD5556 /* AddCartBarButtonItem.swift in Sources */ = {isa = PBXBuildFile; fileRef = CC9AE6F22C1FDA3100DD5556 /* AddCartBarButtonItem.swift */; };
		CC9AE6F52C20075A00DD5556 /* ProfileView.swift in Sources */ = {isa = PBXBuildFile; fileRef = CC9AE6F42C20075A00DD5556 /* ProfileView.swift */; };
		CCEE18E52C1C06CC00405878 /* AppDelegate.swift in Sources */ = {isa = PBXBuildFile; fileRef = CCEE18E42C1C06CC00405878 /* AppDelegate.swift */; };
		CCEE18E72C1C06CC00405878 /* SceneDelegate.swift in Sources */ = {isa = PBXBuildFile; fileRef = CCEE18E62C1C06CC00405878 /* SceneDelegate.swift */; };
		CCEE18E92C1C06CC00405878 /* BaseViewController.swift in Sources */ = {isa = PBXBuildFile; fileRef = CCEE18E82C1C06CC00405878 /* BaseViewController.swift */; };
		CCEE18EE2C1C06CD00405878 /* Assets.xcassets in Resources */ = {isa = PBXBuildFile; fileRef = CCEE18ED2C1C06CD00405878 /* Assets.xcassets */; };
		CCEE18F12C1C06CD00405878 /* Base in Resources */ = {isa = PBXBuildFile; fileRef = CCEE18F02C1C06CD00405878 /* Base */; };
		CCEE18FA2C1C073500405878 /* Alamofire in Frameworks */ = {isa = PBXBuildFile; productRef = CCEE18F92C1C073500405878 /* Alamofire */; };
		CCEE18FD2C1C074200405878 /* SnapKit in Frameworks */ = {isa = PBXBuildFile; productRef = CCEE18FC2C1C074200405878 /* SnapKit */; };
		CCEE19002C1C074B00405878 /* Kingfisher in Frameworks */ = {isa = PBXBuildFile; productRef = CCEE18FF2C1C074B00405878 /* Kingfisher */; };
		CCEE19032C1C075400405878 /* Then in Frameworks */ = {isa = PBXBuildFile; productRef = CCEE19022C1C075400405878 /* Then */; };
		CCEE190B2C1C094800405878 /* RootViewProtocol.swift in Sources */ = {isa = PBXBuildFile; fileRef = CCEE190A2C1C094800405878 /* RootViewProtocol.swift */; };
		CCEE190F2C1C09F400405878 /* SettingListViewController.swift in Sources */ = {isa = PBXBuildFile; fileRef = CCEE190E2C1C09F400405878 /* SettingListViewController.swift */; };
		CCEE19132C1C0A4F00405878 /* SearchViewController.swift in Sources */ = {isa = PBXBuildFile; fileRef = CCEE19122C1C0A4F00405878 /* SearchViewController.swift */; };
		CCEE19162C1C0A7200405878 /* TabBarController.swift in Sources */ = {isa = PBXBuildFile; fileRef = CCEE19152C1C0A7200405878 /* TabBarController.swift */; };
		CCEE19192C1C0AEE00405878 /* SearchRootView.swift in Sources */ = {isa = PBXBuildFile; fileRef = CCEE19182C1C0AEE00405878 /* SearchRootView.swift */; };
		CCEE191C2C1C0B4A00405878 /* SettingListRootView.swift in Sources */ = {isa = PBXBuildFile; fileRef = CCEE191B2C1C0B4A00405878 /* SettingListRootView.swift */; };
		CCEE192F2C1C29C400405878 /* TextButton.swift in Sources */ = {isa = PBXBuildFile; fileRef = CCEE192E2C1C29C400405878 /* TextButton.swift */; };
		CCEE19322C1C2A9400405878 /* UIFont+Extension.swift in Sources */ = {isa = PBXBuildFile; fileRef = CCEE19312C1C2A9400405878 /* UIFont+Extension.swift */; };
		CCEE19342C1C2D8A00405878 /* SortButton.swift in Sources */ = {isa = PBXBuildFile; fileRef = CCEE19332C1C2D8A00405878 /* SortButton.swift */; };
		CCEE193A2C1C325300405878 /* OnboardingStartViewController.swift in Sources */ = {isa = PBXBuildFile; fileRef = CCEE19392C1C325300405878 /* OnboardingStartViewController.swift */; };
		CCEE193E2C1C41E100405878 /* NicknameSettingView.swift in Sources */ = {isa = PBXBuildFile; fileRef = CCEE193D2C1C41E100405878 /* NicknameSettingView.swift */; };
		CCEE19402C1C422000405878 /* NewNicknameSettingViewController.swift in Sources */ = {isa = PBXBuildFile; fileRef = CCEE193F2C1C422000405878 /* NewNicknameSettingViewController.swift */; };
/* End PBXBuildFile section */

/* Begin PBXFileReference section */
		CC347B3E2C1F2F0100DD50A6 /* SearchHistoryView.swift */ = {isa = PBXFileReference; lastKnownFileType = sourcecode.swift; path = SearchHistoryView.swift; sourceTree = "<group>"; };
		CC347B402C1F315E00DD50A6 /* SearchHistoryTableView.swift */ = {isa = PBXFileReference; lastKnownFileType = sourcecode.swift; path = SearchHistoryTableView.swift; sourceTree = "<group>"; };
		CC347B422C1F323A00DD50A6 /* SearchHistoryTableViewCell.swift */ = {isa = PBXFileReference; lastKnownFileType = sourcecode.swift; path = SearchHistoryTableViewCell.swift; sourceTree = "<group>"; };
		CC347B452C1F438800DD50A6 /* SearchHistoryModel.swift */ = {isa = PBXFileReference; lastKnownFileType = sourcecode.swift; path = SearchHistoryModel.swift; sourceTree = "<group>"; };
		CC38046C2C1D82D500172CAF /* ProfileImageSettingViewController.swift */ = {isa = PBXFileReference; lastKnownFileType = sourcecode.swift; path = ProfileImageSettingViewController.swift; sourceTree = "<group>"; };
		CC38046E2C1D830700172CAF /* ProfileImageSettingView.swift */ = {isa = PBXFileReference; lastKnownFileType = sourcecode.swift; path = ProfileImageSettingView.swift; sourceTree = "<group>"; };
		CC3804712C1D841800172CAF /* ProfileImageCollectionView.swift */ = {isa = PBXFileReference; lastKnownFileType = sourcecode.swift; path = ProfileImageCollectionView.swift; sourceTree = "<group>"; };
		CC3804732C1D84E700172CAF /* ProfileImageCollectionViewCell.swift */ = {isa = PBXFileReference; lastKnownFileType = sourcecode.swift; path = ProfileImageCollectionViewCell.swift; sourceTree = "<group>"; };
		CC3804752C1D853C00172CAF /* ReusableProtocol.swift */ = {isa = PBXFileReference; lastKnownFileType = sourcecode.swift; path = ReusableProtocol.swift; sourceTree = "<group>"; };
		CC3804782C1D8A5A00172CAF /* NewProfileImageSettingView.swift */ = {isa = PBXFileReference; lastKnownFileType = sourcecode.swift; path = NewProfileImageSettingView.swift; sourceTree = "<group>"; };
		CC3804892C1DA91700172CAF /* ProfileModel.swift */ = {isa = PBXFileReference; lastKnownFileType = sourcecode.swift; path = ProfileModel.swift; sourceTree = "<group>"; };
		CC38B1F12C1DAE57000AFD92 /* NicknameValidationStatus.swift */ = {isa = PBXFileReference; lastKnownFileType = sourcecode.swift; path = NicknameValidationStatus.swift; sourceTree = "<group>"; };
		CC38B1F72C1DE328000AFD92 /* UserDefaultsKey.swift */ = {isa = PBXFileReference; lastKnownFileType = sourcecode.swift; path = UserDefaultsKey.swift; sourceTree = "<group>"; };
		CC38B1FD2C1E05B9000AFD92 /* CameraImageView.swift */ = {isa = PBXFileReference; lastKnownFileType = sourcecode.swift; path = CameraImageView.swift; sourceTree = "<group>"; };
		CC4A6B2F2C1EB1D900AC878A /* Placeholder.swift */ = {isa = PBXFileReference; lastKnownFileType = sourcecode.swift; path = Placeholder.swift; sourceTree = "<group>"; };
		CC4A6B312C1EB31400AC878A /* EmptySearchHistoryView.swift */ = {isa = PBXFileReference; lastKnownFileType = sourcecode.swift; path = EmptySearchHistoryView.swift; sourceTree = "<group>"; };
		CC4A6B332C1EBD6B00AC878A /* NetworkManager.swift */ = {isa = PBXFileReference; lastKnownFileType = sourcecode.swift; path = NetworkManager.swift; sourceTree = "<group>"; };
		CC4A6B362C1EBE4A00AC878A /* SearchResultDTO.swift */ = {isa = PBXFileReference; lastKnownFileType = sourcecode.swift; path = SearchResultDTO.swift; sourceTree = "<group>"; };
		CC4A6B382C1EC0C700AC878A /* SearchResultModel.swift */ = {isa = PBXFileReference; lastKnownFileType = sourcecode.swift; path = SearchResultModel.swift; sourceTree = "<group>"; };
		CC4A6B3A2C1EC18A00AC878A /* API.swift */ = {isa = PBXFileReference; lastKnownFileType = sourcecode.swift; path = API.swift; sourceTree = "<group>"; };
		CC4A6B3D2C1EC78100AC878A /* SearchResultViewController.swift */ = {isa = PBXFileReference; lastKnownFileType = sourcecode.swift; path = SearchResultViewController.swift; sourceTree = "<group>"; };
		CC4A6B402C1EC7A200AC878A /* SearchResultRootView.swift */ = {isa = PBXFileReference; lastKnownFileType = sourcecode.swift; path = SearchResultRootView.swift; sourceTree = "<group>"; };
		CC4A6B422C1ECF7400AC878A /* SortButtonsView.swift */ = {isa = PBXFileReference; lastKnownFileType = sourcecode.swift; path = SortButtonsView.swift; sourceTree = "<group>"; };
		CC4A6B442C1EDEC600AC878A /* SearchResultCollectionView.swift */ = {isa = PBXFileReference; lastKnownFileType = sourcecode.swift; path = SearchResultCollectionView.swift; sourceTree = "<group>"; };
		CC4A6B462C1EDF2700AC878A /* SearchResultCollectionViewCell.swift */ = {isa = PBXFileReference; lastKnownFileType = sourcecode.swift; path = SearchResultCollectionViewCell.swift; sourceTree = "<group>"; };
		CC4A6B4A2C1EDFE200AC878A /* ProductImageView.swift */ = {isa = PBXFileReference; lastKnownFileType = sourcecode.swift; path = ProductImageView.swift; sourceTree = "<group>"; };
		CC4A6B4C2C1EF90100AC878A /* String+Extension.swift */ = {isa = PBXFileReference; lastKnownFileType = sourcecode.swift; path = "String+Extension.swift"; sourceTree = "<group>"; };
		CC7C83042C1D6B82007406DA /* NicknameTextFieldView.swift */ = {isa = PBXFileReference; lastKnownFileType = sourcecode.swift; path = NicknameTextFieldView.swift; sourceTree = "<group>"; };
		CC7C83072C1D73CB007406DA /* ProfileSettingType.swift */ = {isa = PBXFileReference; lastKnownFileType = sourcecode.swift; path = ProfileSettingType.swift; sourceTree = "<group>"; };
		CC7C83092C1D79E3007406DA /* NewNicknameSettingView.swift */ = {isa = PBXFileReference; lastKnownFileType = sourcecode.swift; path = NewNicknameSettingView.swift; sourceTree = "<group>"; };
		CC7D8C122C1C45A40079FD71 /* ProfileImageView.swift */ = {isa = PBXFileReference; lastKnownFileType = sourcecode.swift; path = ProfileImageView.swift; sourceTree = "<group>"; };
		CC7D8C152C1C4B270079FD71 /* CurrentProfileImageView.swift */ = {isa = PBXFileReference; lastKnownFileType = sourcecode.swift; path = CurrentProfileImageView.swift; sourceTree = "<group>"; };
		CC7D8C172C1C4CE10079FD71 /* UIImage+Extension.swift */ = {isa = PBXFileReference; lastKnownFileType = sourcecode.swift; path = "UIImage+Extension.swift"; sourceTree = "<group>"; };
		CC9954F52C1EA09E00CF1374 /* NavigationManager.swift */ = {isa = PBXFileReference; lastKnownFileType = sourcecode.swift; path = NavigationManager.swift; sourceTree = "<group>"; };
		CC9AE6E92C1FC0F800DD5556 /* SortType.swift */ = {isa = PBXFileReference; lastKnownFileType = sourcecode.swift; path = SortType.swift; sourceTree = "<group>"; };
		CC9AE6EC2C1FD40400DD5556 /* ProductDetailView.swift */ = {isa = PBXFileReference; lastKnownFileType = sourcecode.swift; path = ProductDetailView.swift; sourceTree = "<group>"; };
		CC9AE6EE2C1FD47C00DD5556 /* ProductDetailViewController.swift */ = {isa = PBXFileReference; lastKnownFileType = sourcecode.swift; path = ProductDetailViewController.swift; sourceTree = "<group>"; };
		CC9AE6F22C1FDA3100DD5556 /* AddCartBarButtonItem.swift */ = {isa = PBXFileReference; lastKnownFileType = sourcecode.swift; path = AddCartBarButtonItem.swift; sourceTree = "<group>"; };
		CC9AE6F42C20075A00DD5556 /* ProfileView.swift */ = {isa = PBXFileReference; lastKnownFileType = sourcecode.swift; path = ProfileView.swift; sourceTree = "<group>"; };
		CCEE18E12C1C06CC00405878 /* Shoppang!.app */ = {isa = PBXFileReference; explicitFileType = wrapper.application; includeInIndex = 0; path = "Shoppang!.app"; sourceTree = BUILT_PRODUCTS_DIR; };
		CCEE18E42C1C06CC00405878 /* AppDelegate.swift */ = {isa = PBXFileReference; lastKnownFileType = sourcecode.swift; path = AppDelegate.swift; sourceTree = "<group>"; };
		CCEE18E62C1C06CC00405878 /* SceneDelegate.swift */ = {isa = PBXFileReference; lastKnownFileType = sourcecode.swift; path = SceneDelegate.swift; sourceTree = "<group>"; };
		CCEE18E82C1C06CC00405878 /* BaseViewController.swift */ = {isa = PBXFileReference; lastKnownFileType = sourcecode.swift; path = BaseViewController.swift; sourceTree = "<group>"; };
		CCEE18ED2C1C06CD00405878 /* Assets.xcassets */ = {isa = PBXFileReference; lastKnownFileType = folder.assetcatalog; path = Assets.xcassets; sourceTree = "<group>"; };
		CCEE18F02C1C06CD00405878 /* Base */ = {isa = PBXFileReference; lastKnownFileType = file.storyboard; name = Base; path = Base.lproj/LaunchScreen.storyboard; sourceTree = "<group>"; };
		CCEE18F22C1C06CD00405878 /* Info.plist */ = {isa = PBXFileReference; lastKnownFileType = text.plist.xml; path = Info.plist; sourceTree = "<group>"; };
		CCEE190A2C1C094800405878 /* RootViewProtocol.swift */ = {isa = PBXFileReference; lastKnownFileType = sourcecode.swift; path = RootViewProtocol.swift; sourceTree = "<group>"; };
		CCEE190E2C1C09F400405878 /* SettingListViewController.swift */ = {isa = PBXFileReference; lastKnownFileType = sourcecode.swift; path = SettingListViewController.swift; sourceTree = "<group>"; };
		CCEE19122C1C0A4F00405878 /* SearchViewController.swift */ = {isa = PBXFileReference; lastKnownFileType = sourcecode.swift; path = SearchViewController.swift; sourceTree = "<group>"; };
		CCEE19152C1C0A7200405878 /* TabBarController.swift */ = {isa = PBXFileReference; lastKnownFileType = sourcecode.swift; path = TabBarController.swift; sourceTree = "<group>"; };
		CCEE19182C1C0AEE00405878 /* SearchRootView.swift */ = {isa = PBXFileReference; lastKnownFileType = sourcecode.swift; path = SearchRootView.swift; sourceTree = "<group>"; };
		CCEE191B2C1C0B4A00405878 /* SettingListRootView.swift */ = {isa = PBXFileReference; lastKnownFileType = sourcecode.swift; path = SettingListRootView.swift; sourceTree = "<group>"; };
		CCEE192E2C1C29C400405878 /* TextButton.swift */ = {isa = PBXFileReference; lastKnownFileType = sourcecode.swift; path = TextButton.swift; sourceTree = "<group>"; };
		CCEE19312C1C2A9400405878 /* UIFont+Extension.swift */ = {isa = PBXFileReference; lastKnownFileType = sourcecode.swift; path = "UIFont+Extension.swift"; sourceTree = "<group>"; };
		CCEE19332C1C2D8A00405878 /* SortButton.swift */ = {isa = PBXFileReference; lastKnownFileType = sourcecode.swift; path = SortButton.swift; sourceTree = "<group>"; };
		CCEE19392C1C325300405878 /* OnboardingStartViewController.swift */ = {isa = PBXFileReference; lastKnownFileType = sourcecode.swift; path = OnboardingStartViewController.swift; sourceTree = "<group>"; };
		CCEE193D2C1C41E100405878 /* NicknameSettingView.swift */ = {isa = PBXFileReference; lastKnownFileType = sourcecode.swift; path = NicknameSettingView.swift; sourceTree = "<group>"; };
		CCEE193F2C1C422000405878 /* NewNicknameSettingViewController.swift */ = {isa = PBXFileReference; lastKnownFileType = sourcecode.swift; path = NewNicknameSettingViewController.swift; sourceTree = "<group>"; };
/* End PBXFileReference section */

/* Begin PBXFrameworksBuildPhase section */
		CCEE18DE2C1C06CC00405878 /* Frameworks */ = {
			isa = PBXFrameworksBuildPhase;
			buildActionMask = 2147483647;
			files = (
				CCEE19002C1C074B00405878 /* Kingfisher in Frameworks */,
				CCEE18FA2C1C073500405878 /* Alamofire in Frameworks */,
				CCEE18FD2C1C074200405878 /* SnapKit in Frameworks */,
				CCEE19032C1C075400405878 /* Then in Frameworks */,
			);
			runOnlyForDeploymentPostprocessing = 0;
		};
/* End PBXFrameworksBuildPhase section */

/* Begin PBXGroup section */
		CC347B442C1F437800DD50A6 /* SearchHistory */ = {
			isa = PBXGroup;
			children = (
				CC347B452C1F438800DD50A6 /* SearchHistoryModel.swift */,
			);
			path = SearchHistory;
			sourceTree = "<group>";
		};
		CC38047A2C1D971100172CAF /* ProfileSettingScreens */ = {
			isa = PBXGroup;
			children = (
				CC7C83072C1D73CB007406DA /* ProfileSettingType.swift */,
				CC3804822C1D98B200172CAF /* Reusable */,
				CC38047B2C1D977D00172CAF /* NicknameSettingScreens */,
				CC38047C2C1D979400172CAF /* ProfileImageSettingScreens */,
			);
			path = ProfileSettingScreens;
			sourceTree = "<group>";
		};
		CC38047B2C1D977D00172CAF /* NicknameSettingScreens */ = {
			isa = PBXGroup;
			children = (
				CC38047F2C1D981400172CAF /* Reusable */,
				CC38047D2C1D97E800172CAF /* New */,
			);
			path = NicknameSettingScreens;
			sourceTree = "<group>";
		};
		CC38047C2C1D979400172CAF /* ProfileImageSettingScreens */ = {
			isa = PBXGroup;
			children = (
				CC3804812C1D987500172CAF /* Reusable */,
				CC3804802C1D986400172CAF /* New */,
			);
			path = ProfileImageSettingScreens;
			sourceTree = "<group>";
		};
		CC38047D2C1D97E800172CAF /* New */ = {
			isa = PBXGroup;
			children = (
				CC3804862C1D9A0300172CAF /* View */,
				CC3804852C1D99FB00172CAF /* Controller */,
			);
			path = New;
			sourceTree = "<group>";
		};
		CC38047F2C1D981400172CAF /* Reusable */ = {
			isa = PBXGroup;
			children = (
				CCEE193D2C1C41E100405878 /* NicknameSettingView.swift */,
				CC7C83042C1D6B82007406DA /* NicknameTextFieldView.swift */,
			);
			path = Reusable;
			sourceTree = "<group>";
		};
		CC3804802C1D986400172CAF /* New */ = {
			isa = PBXGroup;
			children = (
				CC3804782C1D8A5A00172CAF /* NewProfileImageSettingView.swift */,
			);
			path = New;
			sourceTree = "<group>";
		};
		CC3804812C1D987500172CAF /* Reusable */ = {
			isa = PBXGroup;
			children = (
				CC3804842C1D999000172CAF /* View */,
				CC3804832C1D998600172CAF /* Controller */,
			);
			path = Reusable;
			sourceTree = "<group>";
		};
		CC3804822C1D98B200172CAF /* Reusable */ = {
			isa = PBXGroup;
			children = (
				CC7D8C122C1C45A40079FD71 /* ProfileImageView.swift */,
				CC7D8C152C1C4B270079FD71 /* CurrentProfileImageView.swift */,
				CC38B1FD2C1E05B9000AFD92 /* CameraImageView.swift */,
			);
			path = Reusable;
			sourceTree = "<group>";
		};
		CC3804832C1D998600172CAF /* Controller */ = {
			isa = PBXGroup;
			children = (
				CC38046C2C1D82D500172CAF /* ProfileImageSettingViewController.swift */,
			);
			path = Controller;
			sourceTree = "<group>";
		};
		CC3804842C1D999000172CAF /* View */ = {
			isa = PBXGroup;
			children = (
				CC38046E2C1D830700172CAF /* ProfileImageSettingView.swift */,
				CC3804712C1D841800172CAF /* ProfileImageCollectionView.swift */,
				CC3804732C1D84E700172CAF /* ProfileImageCollectionViewCell.swift */,
			);
			path = View;
			sourceTree = "<group>";
		};
		CC3804852C1D99FB00172CAF /* Controller */ = {
			isa = PBXGroup;
			children = (
				CCEE193F2C1C422000405878 /* NewNicknameSettingViewController.swift */,
			);
			path = Controller;
			sourceTree = "<group>";
		};
		CC3804862C1D9A0300172CAF /* View */ = {
			isa = PBXGroup;
			children = (
				CC7C83092C1D79E3007406DA /* NewNicknameSettingView.swift */,
			);
			path = View;
			sourceTree = "<group>";
		};
		CC3804872C1DA8A500172CAF /* Domain */ = {
			isa = PBXGroup;
			children = (
				CC347B442C1F437800DD50A6 /* SearchHistory */,
				CC4A6B352C1EBE3100AC878A /* SearchProduct */,
				CC3804882C1DA8AB00172CAF /* ProfileSetting */,
			);
			path = Domain;
			sourceTree = "<group>";
		};
		CC3804882C1DA8AB00172CAF /* ProfileSetting */ = {
			isa = PBXGroup;
			children = (
				CC38B1F12C1DAE57000AFD92 /* NicknameValidationStatus.swift */,
				CC3804892C1DA91700172CAF /* ProfileModel.swift */,
			);
			path = ProfileSetting;
			sourceTree = "<group>";
		};
		CC38B1F62C1DE31C000AFD92 /* Enums */ = {
			isa = PBXGroup;
			children = (
				CC38B1F72C1DE328000AFD92 /* UserDefaultsKey.swift */,
				CC4A6B2F2C1EB1D900AC878A /* Placeholder.swift */,
			);
			path = Enums;
			sourceTree = "<group>";
		};
		CC4A6B352C1EBE3100AC878A /* SearchProduct */ = {
			isa = PBXGroup;
			children = (
				CC4A6B362C1EBE4A00AC878A /* SearchResultDTO.swift */,
				CC4A6B382C1EC0C700AC878A /* SearchResultModel.swift */,
				CC9AE6E92C1FC0F800DD5556 /* SortType.swift */,
			);
			path = SearchProduct;
			sourceTree = "<group>";
		};
		CC4A6B3C2C1EC76D00AC878A /* SearchResultScreen */ = {
			isa = PBXGroup;
			children = (
				CC4A6B492C1EDF8F00AC878A /* Reusable */,
				CC4A6B3F2C1EC78F00AC878A /* View */,
				CC4A6B3D2C1EC78100AC878A /* SearchResultViewController.swift */,
			);
			path = SearchResultScreen;
			sourceTree = "<group>";
		};
		CC4A6B3F2C1EC78F00AC878A /* View */ = {
			isa = PBXGroup;
			children = (
				CC4A6B402C1EC7A200AC878A /* SearchResultRootView.swift */,
				CC4A6B422C1ECF7400AC878A /* SortButtonsView.swift */,
				CC4A6B442C1EDEC600AC878A /* SearchResultCollectionView.swift */,
				CC4A6B462C1EDF2700AC878A /* SearchResultCollectionViewCell.swift */,
			);
			path = View;
			sourceTree = "<group>";
		};
		CC4A6B492C1EDF8F00AC878A /* Reusable */ = {
			isa = PBXGroup;
			children = (
				CCEE19332C1C2D8A00405878 /* SortButton.swift */,
				CC4A6B4A2C1EDFE200AC878A /* ProductImageView.swift */,
			);
			path = Reusable;
			sourceTree = "<group>";
		};
		CC9954F42C1EA08700CF1374 /* Utils */ = {
			isa = PBXGroup;
			children = (
				CC4A6B332C1EBD6B00AC878A /* NetworkManager.swift */,
				CC9954F52C1EA09E00CF1374 /* NavigationManager.swift */,
				CCEE19092C1C092900405878 /* Protocols */,
				CCEE19302C1C2A8200405878 /* Extensions */,
				CC38B1F62C1DE31C000AFD92 /* Enums */,
			);
			path = Utils;
			sourceTree = "<group>";
		};
		CC9AE6EB2C1FD3CB00DD5556 /* ProductWebviewScreen */ = {
			isa = PBXGroup;
			children = (
				CC9AE6F12C1FDA1100DD5556 /* View */,
				CC9AE6EE2C1FD47C00DD5556 /* ProductDetailViewController.swift */,
			);
			path = ProductWebviewScreen;
			sourceTree = "<group>";
		};
		CC9AE6F02C1FDA0900DD5556 /* Reusable */ = {
			isa = PBXGroup;
			children = (
				CC9AE6F22C1FDA3100DD5556 /* AddCartBarButtonItem.swift */,
			);
			path = Reusable;
			sourceTree = "<group>";
		};
		CC9AE6F12C1FDA1100DD5556 /* View */ = {
			isa = PBXGroup;
			children = (
				CC9AE6F02C1FDA0900DD5556 /* Reusable */,
				CC9AE6EC2C1FD40400DD5556 /* ProductDetailView.swift */,
			);
			path = View;
			sourceTree = "<group>";
		};
		CCEE18D82C1C06CC00405878 = {
			isa = PBXGroup;
			children = (
				CCEE18E32C1C06CC00405878 /* Shoppang! */,
				CCEE18E22C1C06CC00405878 /* Products */,
			);
			sourceTree = "<group>";
		};
		CCEE18E22C1C06CC00405878 /* Products */ = {
			isa = PBXGroup;
			children = (
				CCEE18E12C1C06CC00405878 /* Shoppang!.app */,
			);
			name = Products;
			sourceTree = "<group>";
		};
		CCEE18E32C1C06CC00405878 /* Shoppang! */ = {
			isa = PBXGroup;
			children = (
				CCEE19052C1C080500405878 /* Sources */,
				CCEE19042C1C07F500405878 /* Resources */,
				CCEE18F22C1C06CD00405878 /* Info.plist */,
				CC4A6B3A2C1EC18A00AC878A /* API.swift */,
			);
			path = "Shoppang!";
			sourceTree = "<group>";
		};
		CCEE19042C1C07F500405878 /* Resources */ = {
			isa = PBXGroup;
			children = (
				CCEE18ED2C1C06CD00405878 /* Assets.xcassets */,
				CCEE18EF2C1C06CD00405878 /* LaunchScreen.storyboard */,
			);
			path = Resources;
			sourceTree = "<group>";
		};
		CCEE19052C1C080500405878 /* Sources */ = {
			isa = PBXGroup;
			children = (
				CC9954F42C1EA08700CF1374 /* Utils */,
				CC3804872C1DA8A500172CAF /* Domain */,
				CCEE19072C1C081900405878 /* Presenter */,
				CCEE19062C1C080D00405878 /* App */,
			);
			path = Sources;
			sourceTree = "<group>";
		};
		CCEE19062C1C080D00405878 /* App */ = {
			isa = PBXGroup;
			children = (
				CCEE18E42C1C06CC00405878 /* AppDelegate.swift */,
				CCEE18E62C1C06CC00405878 /* SceneDelegate.swift */,
			);
			path = App;
			sourceTree = "<group>";
		};
		CCEE19072C1C081900405878 /* Presenter */ = {
			isa = PBXGroup;
			children = (
				CCEE192C2C1C29B100405878 /* Reusable */,
				CCEE19142C1C0A6300405878 /* TabBar */,
				CCEE19082C1C08B400405878 /* Base */,
				CCEE19352C1C2F5A00405878 /* OnboardingScreens */,
				CC38047A2C1D971100172CAF /* ProfileSettingScreens */,
				CCEE19102C1C0A0E00405878 /* SearchProductScreens */,
				CCEE190C2C1C09C400405878 /* SettingScreens */,
			);
			path = Presenter;
			sourceTree = "<group>";
		};
		CCEE19082C1C08B400405878 /* Base */ = {
			isa = PBXGroup;
			children = (
				CCEE190A2C1C094800405878 /* RootViewProtocol.swift */,
				CCEE18E82C1C06CC00405878 /* BaseViewController.swift */,
			);
			path = Base;
			sourceTree = "<group>";
		};
		CCEE19092C1C092900405878 /* Protocols */ = {
			isa = PBXGroup;
			children = (
				CC3804752C1D853C00172CAF /* ReusableProtocol.swift */,
			);
			path = Protocols;
			sourceTree = "<group>";
		};
		CCEE190C2C1C09C400405878 /* SettingScreens */ = {
			isa = PBXGroup;
			children = (
				CCEE190D2C1C09E400405878 /* SettingListScreen */,
			);
			path = SettingScreens;
			sourceTree = "<group>";
		};
		CCEE190D2C1C09E400405878 /* SettingListScreen */ = {
			isa = PBXGroup;
			children = (
				CCEE191A2C1C0B3A00405878 /* View */,
				CCEE190E2C1C09F400405878 /* SettingListViewController.swift */,
			);
			path = SettingListScreen;
			sourceTree = "<group>";
		};
		CCEE19102C1C0A0E00405878 /* SearchProductScreens */ = {
			isa = PBXGroup;
			children = (
				CC9AE6EB2C1FD3CB00DD5556 /* ProductWebviewScreen */,
				CC4A6B3C2C1EC76D00AC878A /* SearchResultScreen */,
				CCEE19112C1C0A3C00405878 /* SearchScreen */,
			);
			path = SearchProductScreens;
			sourceTree = "<group>";
		};
		CCEE19112C1C0A3C00405878 /* SearchScreen */ = {
			isa = PBXGroup;
			children = (
				CCEE19172C1C0ADC00405878 /* View */,
				CCEE19122C1C0A4F00405878 /* SearchViewController.swift */,
			);
			path = SearchScreen;
			sourceTree = "<group>";
		};
		CCEE19142C1C0A6300405878 /* TabBar */ = {
			isa = PBXGroup;
			children = (
				CCEE19152C1C0A7200405878 /* TabBarController.swift */,
			);
			path = TabBar;
			sourceTree = "<group>";
		};
		CCEE19172C1C0ADC00405878 /* View */ = {
			isa = PBXGroup;
			children = (
				CCEE19182C1C0AEE00405878 /* SearchRootView.swift */,
				CC4A6B312C1EB31400AC878A /* EmptySearchHistoryView.swift */,
				CC347B3E2C1F2F0100DD50A6 /* SearchHistoryView.swift */,
				CC347B402C1F315E00DD50A6 /* SearchHistoryTableView.swift */,
				CC347B422C1F323A00DD50A6 /* SearchHistoryTableViewCell.swift */,
			);
			path = View;
			sourceTree = "<group>";
		};
		CCEE191A2C1C0B3A00405878 /* View */ = {
			isa = PBXGroup;
			children = (
				CCEE191B2C1C0B4A00405878 /* SettingListRootView.swift */,
				CC9AE6F42C20075A00DD5556 /* ProfileView.swift */,
			);
			path = View;
			sourceTree = "<group>";
		};
		CCEE192C2C1C29B100405878 /* Reusable */ = {
			isa = PBXGroup;
			children = (
				CCEE192D2C1C29B900405878 /* Buttons */,
			);
			path = Reusable;
			sourceTree = "<group>";
		};
		CCEE192D2C1C29B900405878 /* Buttons */ = {
			isa = PBXGroup;
			children = (
				CCEE192E2C1C29C400405878 /* TextButton.swift */,
			);
			path = Buttons;
			sourceTree = "<group>";
		};
		CCEE19302C1C2A8200405878 /* Extensions */ = {
			isa = PBXGroup;
			children = (
				CCEE19312C1C2A9400405878 /* UIFont+Extension.swift */,
				CC7D8C172C1C4CE10079FD71 /* UIImage+Extension.swift */,
				CC4A6B4C2C1EF90100AC878A /* String+Extension.swift */,
			);
			path = Extensions;
			sourceTree = "<group>";
		};
		CCEE19352C1C2F5A00405878 /* OnboardingScreens */ = {
			isa = PBXGroup;
			children = (
				CCEE19392C1C325300405878 /* OnboardingStartViewController.swift */,
			);
			path = OnboardingScreens;
			sourceTree = "<group>";
		};
/* End PBXGroup section */

/* Begin PBXNativeTarget section */
		CCEE18E02C1C06CC00405878 /* Shoppang! */ = {
			isa = PBXNativeTarget;
			buildConfigurationList = CCEE18F52C1C06CD00405878 /* Build configuration list for PBXNativeTarget "Shoppang!" */;
			buildPhases = (
				CCEE18DD2C1C06CC00405878 /* Sources */,
				CCEE18DE2C1C06CC00405878 /* Frameworks */,
				CCEE18DF2C1C06CC00405878 /* Resources */,
			);
			buildRules = (
			);
			dependencies = (
			);
			name = "Shoppang!";
			packageProductDependencies = (
				CCEE18F92C1C073500405878 /* Alamofire */,
				CCEE18FC2C1C074200405878 /* SnapKit */,
				CCEE18FF2C1C074B00405878 /* Kingfisher */,
				CCEE19022C1C075400405878 /* Then */,
			);
			productName = "Shoppang!";
			productReference = CCEE18E12C1C06CC00405878 /* Shoppang!.app */;
			productType = "com.apple.product-type.application";
		};
/* End PBXNativeTarget section */

/* Begin PBXProject section */
		CCEE18D92C1C06CC00405878 /* Project object */ = {
			isa = PBXProject;
			attributes = {
				BuildIndependentTargetsInParallel = 1;
				LastSwiftUpdateCheck = 1540;
				LastUpgradeCheck = 1540;
				TargetAttributes = {
					CCEE18E02C1C06CC00405878 = {
						CreatedOnToolsVersion = 15.4;
					};
				};
			};
			buildConfigurationList = CCEE18DC2C1C06CC00405878 /* Build configuration list for PBXProject "Shoppang!" */;
			compatibilityVersion = "Xcode 14.0";
			developmentRegion = en;
			hasScannedForEncodings = 0;
			knownRegions = (
				en,
				Base,
			);
			mainGroup = CCEE18D82C1C06CC00405878;
			packageReferences = (
				CCEE18F82C1C073500405878 /* XCRemoteSwiftPackageReference "Alamofire" */,
				CCEE18FB2C1C074200405878 /* XCRemoteSwiftPackageReference "SnapKit" */,
				CCEE18FE2C1C074B00405878 /* XCRemoteSwiftPackageReference "Kingfisher" */,
				CCEE19012C1C075400405878 /* XCRemoteSwiftPackageReference "Then" */,
			);
			productRefGroup = CCEE18E22C1C06CC00405878 /* Products */;
			projectDirPath = "";
			projectRoot = "";
			targets = (
				CCEE18E02C1C06CC00405878 /* Shoppang! */,
			);
		};
/* End PBXProject section */

/* Begin PBXResourcesBuildPhase section */
		CCEE18DF2C1C06CC00405878 /* Resources */ = {
			isa = PBXResourcesBuildPhase;
			buildActionMask = 2147483647;
			files = (
				CCEE18EE2C1C06CD00405878 /* Assets.xcassets in Resources */,
				CCEE18F12C1C06CD00405878 /* Base in Resources */,
			);
			runOnlyForDeploymentPostprocessing = 0;
		};
/* End PBXResourcesBuildPhase section */

/* Begin PBXSourcesBuildPhase section */
		CCEE18DD2C1C06CC00405878 /* Sources */ = {
			isa = PBXSourcesBuildPhase;
			buildActionMask = 2147483647;
			files = (
				CC4A6B472C1EDF2700AC878A /* SearchResultCollectionViewCell.swift in Sources */,
				CC4A6B372C1EBE4A00AC878A /* SearchResultDTO.swift in Sources */,
				CC7D8C132C1C45A40079FD71 /* ProfileImageView.swift in Sources */,
				CCEE19132C1C0A4F00405878 /* SearchViewController.swift in Sources */,
				CC4A6B4B2C1EDFE200AC878A /* ProductImageView.swift in Sources */,
				CC9AE6F32C1FDA3100DD5556 /* AddCartBarButtonItem.swift in Sources */,
				CCEE190F2C1C09F400405878 /* SettingListViewController.swift in Sources */,
				CC7C830A2C1D79E3007406DA /* NewNicknameSettingView.swift in Sources */,
				CC7D8C182C1C4CE10079FD71 /* UIImage+Extension.swift in Sources */,
				CC7D8C162C1C4B270079FD71 /* CurrentProfileImageView.swift in Sources */,
				CC38046F2C1D830700172CAF /* ProfileImageSettingView.swift in Sources */,
				CCEE19402C1C422000405878 /* NewNicknameSettingViewController.swift in Sources */,
				CC4A6B412C1EC7A200AC878A /* SearchResultRootView.swift in Sources */,
				CC4A6B302C1EB1D900AC878A /* Placeholder.swift in Sources */,
				CC9AE6EA2C1FC0F800DD5556 /* SortType.swift in Sources */,
				CC7C83082C1D73CB007406DA /* ProfileSettingType.swift in Sources */,
				CC38B1F22C1DAE57000AFD92 /* NicknameValidationStatus.swift in Sources */,
				CCEE190B2C1C094800405878 /* RootViewProtocol.swift in Sources */,
				CCEE191C2C1C0B4A00405878 /* SettingListRootView.swift in Sources */,
				CC7C83052C1D6B82007406DA /* NicknameTextFieldView.swift in Sources */,
				CCEE18E92C1C06CC00405878 /* BaseViewController.swift in Sources */,
				CC4A6B322C1EB31400AC878A /* EmptySearchHistoryView.swift in Sources */,
				CC347B412C1F315E00DD50A6 /* SearchHistoryTableView.swift in Sources */,
				CCEE19192C1C0AEE00405878 /* SearchRootView.swift in Sources */,
				CC347B3F2C1F2F0100DD50A6 /* SearchHistoryView.swift in Sources */,
				CC4A6B392C1EC0C700AC878A /* SearchResultModel.swift in Sources */,
				CC4A6B342C1EBD6B00AC878A /* NetworkManager.swift in Sources */,
				CC4A6B3B2C1EC18A00AC878A /* API.swift in Sources */,
				CC9AE6F52C20075A00DD5556 /* ProfileView.swift in Sources */,
				CC4A6B452C1EDEC600AC878A /* SearchResultCollectionView.swift in Sources */,
				CCEE193A2C1C325300405878 /* OnboardingStartViewController.swift in Sources */,
				CC9AE6ED2C1FD40400DD5556 /* ProductDetailView.swift in Sources */,
				CC347B432C1F323A00DD50A6 /* SearchHistoryTableViewCell.swift in Sources */,
				CC347B462C1F438800DD50A6 /* SearchHistoryModel.swift in Sources */,
				CC38048A2C1DA91700172CAF /* ProfileModel.swift in Sources */,
				CC4A6B432C1ECF7400AC878A /* SortButtonsView.swift in Sources */,
				CC4A6B4D2C1EF90100AC878A /* String+Extension.swift in Sources */,
				CCEE19342C1C2D8A00405878 /* SortButton.swift in Sources */,
				CC3804762C1D853C00172CAF /* ReusableProtocol.swift in Sources */,
				CCEE192F2C1C29C400405878 /* TextButton.swift in Sources */,
				CC3804742C1D84E700172CAF /* ProfileImageCollectionViewCell.swift in Sources */,
				CCEE193E2C1C41E100405878 /* NicknameSettingView.swift in Sources */,
				CC38B1FE2C1E05B9000AFD92 /* CameraImageView.swift in Sources */,
				CCEE19162C1C0A7200405878 /* TabBarController.swift in Sources */,
				CCEE18E52C1C06CC00405878 /* AppDelegate.swift in Sources */,
				CC9AE6EF2C1FD47C00DD5556 /* ProductDetailViewController.swift in Sources */,
				CC38B1F82C1DE328000AFD92 /* UserDefaultsKey.swift in Sources */,
				CC3804792C1D8A5A00172CAF /* NewProfileImageSettingView.swift in Sources */,
				CC3804722C1D841800172CAF /* ProfileImageCollectionView.swift in Sources */,
				CCEE18E72C1C06CC00405878 /* SceneDelegate.swift in Sources */,
				CC9954F62C1EA09E00CF1374 /* NavigationManager.swift in Sources */,
				CCEE19322C1C2A9400405878 /* UIFont+Extension.swift in Sources */,
				CC4A6B3E2C1EC78100AC878A /* SearchResultViewController.swift in Sources */,
				CC38046D2C1D82D500172CAF /* ProfileImageSettingViewController.swift in Sources */,
			);
			runOnlyForDeploymentPostprocessing = 0;
		};
/* End PBXSourcesBuildPhase section */

/* Begin PBXVariantGroup section */
		CCEE18EF2C1C06CD00405878 /* LaunchScreen.storyboard */ = {
			isa = PBXVariantGroup;
			children = (
				CCEE18F02C1C06CD00405878 /* Base */,
			);
			name = LaunchScreen.storyboard;
			sourceTree = "<group>";
		};
/* End PBXVariantGroup section */

/* Begin XCBuildConfiguration section */
		CCEE18F32C1C06CD00405878 /* Debug */ = {
			isa = XCBuildConfiguration;
			buildSettings = {
				ALWAYS_SEARCH_USER_PATHS = NO;
				ASSETCATALOG_COMPILER_GENERATE_SWIFT_ASSET_SYMBOL_EXTENSIONS = YES;
				CLANG_ANALYZER_NONNULL = YES;
				CLANG_ANALYZER_NUMBER_OBJECT_CONVERSION = YES_AGGRESSIVE;
				CLANG_CXX_LANGUAGE_STANDARD = "gnu++20";
				CLANG_ENABLE_MODULES = YES;
				CLANG_ENABLE_OBJC_ARC = YES;
				CLANG_ENABLE_OBJC_WEAK = YES;
				CLANG_WARN_BLOCK_CAPTURE_AUTORELEASING = YES;
				CLANG_WARN_BOOL_CONVERSION = YES;
				CLANG_WARN_COMMA = YES;
				CLANG_WARN_CONSTANT_CONVERSION = YES;
				CLANG_WARN_DEPRECATED_OBJC_IMPLEMENTATIONS = YES;
				CLANG_WARN_DIRECT_OBJC_ISA_USAGE = YES_ERROR;
				CLANG_WARN_DOCUMENTATION_COMMENTS = YES;
				CLANG_WARN_EMPTY_BODY = YES;
				CLANG_WARN_ENUM_CONVERSION = YES;
				CLANG_WARN_INFINITE_RECURSION = YES;
				CLANG_WARN_INT_CONVERSION = YES;
				CLANG_WARN_NON_LITERAL_NULL_CONVERSION = YES;
				CLANG_WARN_OBJC_IMPLICIT_RETAIN_SELF = YES;
				CLANG_WARN_OBJC_LITERAL_CONVERSION = YES;
				CLANG_WARN_OBJC_ROOT_CLASS = YES_ERROR;
				CLANG_WARN_QUOTED_INCLUDE_IN_FRAMEWORK_HEADER = YES;
				CLANG_WARN_RANGE_LOOP_ANALYSIS = YES;
				CLANG_WARN_STRICT_PROTOTYPES = YES;
				CLANG_WARN_SUSPICIOUS_MOVE = YES;
				CLANG_WARN_UNGUARDED_AVAILABILITY = YES_AGGRESSIVE;
				CLANG_WARN_UNREACHABLE_CODE = YES;
				CLANG_WARN__DUPLICATE_METHOD_MATCH = YES;
				COPY_PHASE_STRIP = NO;
				DEBUG_INFORMATION_FORMAT = dwarf;
				ENABLE_STRICT_OBJC_MSGSEND = YES;
				ENABLE_TESTABILITY = YES;
				ENABLE_USER_SCRIPT_SANDBOXING = YES;
				GCC_C_LANGUAGE_STANDARD = gnu17;
				GCC_DYNAMIC_NO_PIC = NO;
				GCC_NO_COMMON_BLOCKS = YES;
				GCC_OPTIMIZATION_LEVEL = 0;
				GCC_PREPROCESSOR_DEFINITIONS = (
					"DEBUG=1",
					"$(inherited)",
				);
				GCC_WARN_64_TO_32_BIT_CONVERSION = YES;
				GCC_WARN_ABOUT_RETURN_TYPE = YES_ERROR;
				GCC_WARN_UNDECLARED_SELECTOR = YES;
				GCC_WARN_UNINITIALIZED_AUTOS = YES_AGGRESSIVE;
				GCC_WARN_UNUSED_FUNCTION = YES;
				GCC_WARN_UNUSED_VARIABLE = YES;
				IPHONEOS_DEPLOYMENT_TARGET = 15.0;
				LOCALIZATION_PREFERS_STRING_CATALOGS = YES;
				MTL_ENABLE_DEBUG_INFO = INCLUDE_SOURCE;
				MTL_FAST_MATH = YES;
				ONLY_ACTIVE_ARCH = YES;
				SDKROOT = iphoneos;
				SWIFT_ACTIVE_COMPILATION_CONDITIONS = "DEBUG $(inherited)";
				SWIFT_OPTIMIZATION_LEVEL = "-Onone";
			};
			name = Debug;
		};
		CCEE18F42C1C06CD00405878 /* Release */ = {
			isa = XCBuildConfiguration;
			buildSettings = {
				ALWAYS_SEARCH_USER_PATHS = NO;
				ASSETCATALOG_COMPILER_GENERATE_SWIFT_ASSET_SYMBOL_EXTENSIONS = YES;
				CLANG_ANALYZER_NONNULL = YES;
				CLANG_ANALYZER_NUMBER_OBJECT_CONVERSION = YES_AGGRESSIVE;
				CLANG_CXX_LANGUAGE_STANDARD = "gnu++20";
				CLANG_ENABLE_MODULES = YES;
				CLANG_ENABLE_OBJC_ARC = YES;
				CLANG_ENABLE_OBJC_WEAK = YES;
				CLANG_WARN_BLOCK_CAPTURE_AUTORELEASING = YES;
				CLANG_WARN_BOOL_CONVERSION = YES;
				CLANG_WARN_COMMA = YES;
				CLANG_WARN_CONSTANT_CONVERSION = YES;
				CLANG_WARN_DEPRECATED_OBJC_IMPLEMENTATIONS = YES;
				CLANG_WARN_DIRECT_OBJC_ISA_USAGE = YES_ERROR;
				CLANG_WARN_DOCUMENTATION_COMMENTS = YES;
				CLANG_WARN_EMPTY_BODY = YES;
				CLANG_WARN_ENUM_CONVERSION = YES;
				CLANG_WARN_INFINITE_RECURSION = YES;
				CLANG_WARN_INT_CONVERSION = YES;
				CLANG_WARN_NON_LITERAL_NULL_CONVERSION = YES;
				CLANG_WARN_OBJC_IMPLICIT_RETAIN_SELF = YES;
				CLANG_WARN_OBJC_LITERAL_CONVERSION = YES;
				CLANG_WARN_OBJC_ROOT_CLASS = YES_ERROR;
				CLANG_WARN_QUOTED_INCLUDE_IN_FRAMEWORK_HEADER = YES;
				CLANG_WARN_RANGE_LOOP_ANALYSIS = YES;
				CLANG_WARN_STRICT_PROTOTYPES = YES;
				CLANG_WARN_SUSPICIOUS_MOVE = YES;
				CLANG_WARN_UNGUARDED_AVAILABILITY = YES_AGGRESSIVE;
				CLANG_WARN_UNREACHABLE_CODE = YES;
				CLANG_WARN__DUPLICATE_METHOD_MATCH = YES;
				COPY_PHASE_STRIP = NO;
				DEBUG_INFORMATION_FORMAT = "dwarf-with-dsym";
				ENABLE_NS_ASSERTIONS = NO;
				ENABLE_STRICT_OBJC_MSGSEND = YES;
				ENABLE_USER_SCRIPT_SANDBOXING = YES;
				GCC_C_LANGUAGE_STANDARD = gnu17;
				GCC_NO_COMMON_BLOCKS = YES;
				GCC_WARN_64_TO_32_BIT_CONVERSION = YES;
				GCC_WARN_ABOUT_RETURN_TYPE = YES_ERROR;
				GCC_WARN_UNDECLARED_SELECTOR = YES;
				GCC_WARN_UNINITIALIZED_AUTOS = YES_AGGRESSIVE;
				GCC_WARN_UNUSED_FUNCTION = YES;
				GCC_WARN_UNUSED_VARIABLE = YES;
				IPHONEOS_DEPLOYMENT_TARGET = 15.0;
				LOCALIZATION_PREFERS_STRING_CATALOGS = YES;
				MTL_ENABLE_DEBUG_INFO = NO;
				MTL_FAST_MATH = YES;
				SDKROOT = iphoneos;
				SWIFT_COMPILATION_MODE = wholemodule;
				VALIDATE_PRODUCT = YES;
			};
			name = Release;
		};
		CCEE18F62C1C06CD00405878 /* Debug */ = {
			isa = XCBuildConfiguration;
			buildSettings = {
				ASSETCATALOG_COMPILER_APPICON_NAME = AppIcon;
				ASSETCATALOG_COMPILER_GLOBAL_ACCENT_COLOR_NAME = AccentColor;
				CODE_SIGN_STYLE = Automatic;
				CURRENT_PROJECT_VERSION = 1;
				DEVELOPMENT_TEAM = YWNQ4RZBTS;
				GENERATE_INFOPLIST_FILE = YES;
				INFOPLIST_FILE = "Shoppang!/Info.plist";
				INFOPLIST_KEY_CFBundleDisplayName = "Shoppang!";
				INFOPLIST_KEY_UIApplicationSupportsIndirectInputEvents = YES;
				INFOPLIST_KEY_UILaunchStoryboardName = LaunchScreen;
				INFOPLIST_KEY_UISupportedInterfaceOrientations = UIInterfaceOrientationPortrait;
				INFOPLIST_KEY_UISupportedInterfaceOrientations_iPad = "UIInterfaceOrientationLandscapeLeft UIInterfaceOrientationLandscapeRight UIInterfaceOrientationPortrait UIInterfaceOrientationPortraitUpsideDown";
				IPHONEOS_DEPLOYMENT_TARGET = 15.0;
				LD_RUNPATH_SEARCH_PATHS = (
					"$(inherited)",
					"@executable_path/Frameworks",
				);
				MARKETING_VERSION = 1.0;
				PRODUCT_BUNDLE_IDENTIFIER = "com.jinyoo.sesac.Shoppang-";
				PRODUCT_NAME = "$(TARGET_NAME)";
				SUPPORTED_PLATFORMS = "iphoneos iphonesimulator";
				SUPPORTS_MACCATALYST = NO;
				SUPPORTS_MAC_DESIGNED_FOR_IPHONE_IPAD = NO;
				SUPPORTS_XR_DESIGNED_FOR_IPHONE_IPAD = NO;
				SWIFT_EMIT_LOC_STRINGS = YES;
				SWIFT_VERSION = 5.0;
				TARGETED_DEVICE_FAMILY = 1;
			};
			name = Debug;
		};
		CCEE18F72C1C06CD00405878 /* Release */ = {
			isa = XCBuildConfiguration;
			buildSettings = {
				ASSETCATALOG_COMPILER_APPICON_NAME = AppIcon;
				ASSETCATALOG_COMPILER_GLOBAL_ACCENT_COLOR_NAME = AccentColor;
				CODE_SIGN_STYLE = Automatic;
				CURRENT_PROJECT_VERSION = 1;
				DEVELOPMENT_TEAM = YWNQ4RZBTS;
				GENERATE_INFOPLIST_FILE = YES;
				INFOPLIST_FILE = "Shoppang!/Info.plist";
				INFOPLIST_KEY_CFBundleDisplayName = "Shoppang!";
				INFOPLIST_KEY_UIApplicationSupportsIndirectInputEvents = YES;
				INFOPLIST_KEY_UILaunchStoryboardName = LaunchScreen;
				INFOPLIST_KEY_UISupportedInterfaceOrientations = UIInterfaceOrientationPortrait;
				INFOPLIST_KEY_UISupportedInterfaceOrientations_iPad = "UIInterfaceOrientationLandscapeLeft UIInterfaceOrientationLandscapeRight UIInterfaceOrientationPortrait UIInterfaceOrientationPortraitUpsideDown";
				IPHONEOS_DEPLOYMENT_TARGET = 15.0;
				LD_RUNPATH_SEARCH_PATHS = (
					"$(inherited)",
					"@executable_path/Frameworks",
				);
				MARKETING_VERSION = 1.0;
				PRODUCT_BUNDLE_IDENTIFIER = "com.jinyoo.sesac.Shoppang-";
				PRODUCT_NAME = "$(TARGET_NAME)";
				SUPPORTED_PLATFORMS = "iphoneos iphonesimulator";
				SUPPORTS_MACCATALYST = NO;
				SUPPORTS_MAC_DESIGNED_FOR_IPHONE_IPAD = NO;
				SUPPORTS_XR_DESIGNED_FOR_IPHONE_IPAD = NO;
				SWIFT_EMIT_LOC_STRINGS = YES;
				SWIFT_VERSION = 5.0;
				TARGETED_DEVICE_FAMILY = 1;
			};
			name = Release;
		};
/* End XCBuildConfiguration section */

/* Begin XCConfigurationList section */
		CCEE18DC2C1C06CC00405878 /* Build configuration list for PBXProject "Shoppang!" */ = {
			isa = XCConfigurationList;
			buildConfigurations = (
				CCEE18F32C1C06CD00405878 /* Debug */,
				CCEE18F42C1C06CD00405878 /* Release */,
			);
			defaultConfigurationIsVisible = 0;
			defaultConfigurationName = Release;
		};
		CCEE18F52C1C06CD00405878 /* Build configuration list for PBXNativeTarget "Shoppang!" */ = {
			isa = XCConfigurationList;
			buildConfigurations = (
				CCEE18F62C1C06CD00405878 /* Debug */,
				CCEE18F72C1C06CD00405878 /* Release */,
			);
			defaultConfigurationIsVisible = 0;
			defaultConfigurationName = Release;
		};
/* End XCConfigurationList section */

/* Begin XCRemoteSwiftPackageReference section */
		CCEE18F82C1C073500405878 /* XCRemoteSwiftPackageReference "Alamofire" */ = {
			isa = XCRemoteSwiftPackageReference;
			repositoryURL = "https://github.com/Alamofire/Alamofire.git";
			requirement = {
				kind = upToNextMajorVersion;
				minimumVersion = 5.9.1;
			};
		};
		CCEE18FB2C1C074200405878 /* XCRemoteSwiftPackageReference "SnapKit" */ = {
			isa = XCRemoteSwiftPackageReference;
			repositoryURL = "https://github.com/SnapKit/SnapKit.git";
			requirement = {
				kind = upToNextMajorVersion;
				minimumVersion = 5.7.1;
			};
		};
		CCEE18FE2C1C074B00405878 /* XCRemoteSwiftPackageReference "Kingfisher" */ = {
			isa = XCRemoteSwiftPackageReference;
			repositoryURL = "https://github.com/onevcat/Kingfisher";
			requirement = {
				kind = upToNextMajorVersion;
				minimumVersion = 7.12.0;
			};
		};
		CCEE19012C1C075400405878 /* XCRemoteSwiftPackageReference "Then" */ = {
			isa = XCRemoteSwiftPackageReference;
			repositoryURL = "https://github.com/devxoul/Then.git";
			requirement = {
				kind = upToNextMajorVersion;
				minimumVersion = 3.0.0;
			};
		};
/* End XCRemoteSwiftPackageReference section */

/* Begin XCSwiftPackageProductDependency section */
		CCEE18F92C1C073500405878 /* Alamofire */ = {
			isa = XCSwiftPackageProductDependency;
			package = CCEE18F82C1C073500405878 /* XCRemoteSwiftPackageReference "Alamofire" */;
			productName = Alamofire;
		};
		CCEE18FC2C1C074200405878 /* SnapKit */ = {
			isa = XCSwiftPackageProductDependency;
			package = CCEE18FB2C1C074200405878 /* XCRemoteSwiftPackageReference "SnapKit" */;
			productName = SnapKit;
		};
		CCEE18FF2C1C074B00405878 /* Kingfisher */ = {
			isa = XCSwiftPackageProductDependency;
			package = CCEE18FE2C1C074B00405878 /* XCRemoteSwiftPackageReference "Kingfisher" */;
			productName = Kingfisher;
		};
		CCEE19022C1C075400405878 /* Then */ = {
			isa = XCSwiftPackageProductDependency;
			package = CCEE19012C1C075400405878 /* XCRemoteSwiftPackageReference "Then" */;
			productName = Then;
		};
/* End XCSwiftPackageProductDependency section */
	};
	rootObject = CCEE18D92C1C06CC00405878 /* Project object */;
}
