// !$*UTF8*$!
{
	archiveVersion = 1;
	classes = {
	};
	objectVersion = 56;
	objects = {

/* Begin PBXBuildFile section */
		CCEE18E52C1C06CC00405878 /* AppDelegate.swift in Sources */ = {isa = PBXBuildFile; fileRef = CCEE18E42C1C06CC00405878 /* AppDelegate.swift */; };
		CCEE18E72C1C06CC00405878 /* SceneDelegate.swift in Sources */ = {isa = PBXBuildFile; fileRef = CCEE18E62C1C06CC00405878 /* SceneDelegate.swift */; };
		CCEE18E92C1C06CC00405878 /* BaseViewController.swift in Sources */ = {isa = PBXBuildFile; fileRef = CCEE18E82C1C06CC00405878 /* BaseViewController.swift */; };
		CCEE18EE2C1C06CD00405878 /* Assets.xcassets in Resources */ = {isa = PBXBuildFile; fileRef = CCEE18ED2C1C06CD00405878 /* Assets.xcassets */; };
		CCEE18F12C1C06CD00405878 /* Base in Resources */ = {isa = PBXBuildFile; fileRef = CCEE18F02C1C06CD00405878 /* Base */; };
		CCEE18FA2C1C073500405878 /* Alamofire in Frameworks */ = {isa = PBXBuildFile; productRef = CCEE18F92C1C073500405878 /* Alamofire */; };
		CCEE18FD2C1C074200405878 /* SnapKit in Frameworks */ = {isa = PBXBuildFile; productRef = CCEE18FC2C1C074200405878 /* SnapKit */; };
		CCEE19002C1C074B00405878 /* Kingfisher in Frameworks */ = {isa = PBXBuildFile; productRef = CCEE18FF2C1C074B00405878 /* Kingfisher */; };
		CCEE19032C1C075400405878 /* Then in Frameworks */ = {isa = PBXBuildFile; productRef = CCEE19022C1C075400405878 /* Then */; };
		CCEE190B2C1C094800405878 /* NavigationBarTitleProtocol.swift in Sources */ = {isa = PBXBuildFile; fileRef = CCEE190A2C1C094800405878 /* NavigationBarTitleProtocol.swift */; };
		CCEE190F2C1C09F400405878 /* SettingListViewController.swift in Sources */ = {isa = PBXBuildFile; fileRef = CCEE190E2C1C09F400405878 /* SettingListViewController.swift */; };
		CCEE19132C1C0A4F00405878 /* SearchViewController.swift in Sources */ = {isa = PBXBuildFile; fileRef = CCEE19122C1C0A4F00405878 /* SearchViewController.swift */; };
		CCEE19162C1C0A7200405878 /* TabBarController.swift in Sources */ = {isa = PBXBuildFile; fileRef = CCEE19152C1C0A7200405878 /* TabBarController.swift */; };
		CCEE19192C1C0AEE00405878 /* SearchRootView.swift in Sources */ = {isa = PBXBuildFile; fileRef = CCEE19182C1C0AEE00405878 /* SearchRootView.swift */; };
		CCEE191C2C1C0B4A00405878 /* SettingListRootView.swift in Sources */ = {isa = PBXBuildFile; fileRef = CCEE191B2C1C0B4A00405878 /* SettingListRootView.swift */; };
		CCEE192F2C1C29C400405878 /* TextButton.swift in Sources */ = {isa = PBXBuildFile; fileRef = CCEE192E2C1C29C400405878 /* TextButton.swift */; };
		CCEE19322C1C2A9400405878 /* UIFont+Extension.swift in Sources */ = {isa = PBXBuildFile; fileRef = CCEE19312C1C2A9400405878 /* UIFont+Extension.swift */; };
		CCEE19342C1C2D8A00405878 /* MultiStateTextButton.swift in Sources */ = {isa = PBXBuildFile; fileRef = CCEE19332C1C2D8A00405878 /* MultiStateTextButton.swift */; };
/* End PBXBuildFile section */

/* Begin PBXFileReference section */
		CCEE18E12C1C06CC00405878 /* Shoppang!.app */ = {isa = PBXFileReference; explicitFileType = wrapper.application; includeInIndex = 0; path = "Shoppang!.app"; sourceTree = BUILT_PRODUCTS_DIR; };
		CCEE18E42C1C06CC00405878 /* AppDelegate.swift */ = {isa = PBXFileReference; lastKnownFileType = sourcecode.swift; path = AppDelegate.swift; sourceTree = "<group>"; };
		CCEE18E62C1C06CC00405878 /* SceneDelegate.swift */ = {isa = PBXFileReference; lastKnownFileType = sourcecode.swift; path = SceneDelegate.swift; sourceTree = "<group>"; };
		CCEE18E82C1C06CC00405878 /* BaseViewController.swift */ = {isa = PBXFileReference; lastKnownFileType = sourcecode.swift; path = BaseViewController.swift; sourceTree = "<group>"; };
		CCEE18ED2C1C06CD00405878 /* Assets.xcassets */ = {isa = PBXFileReference; lastKnownFileType = folder.assetcatalog; path = Assets.xcassets; sourceTree = "<group>"; };
		CCEE18F02C1C06CD00405878 /* Base */ = {isa = PBXFileReference; lastKnownFileType = file.storyboard; name = Base; path = Base.lproj/LaunchScreen.storyboard; sourceTree = "<group>"; };
		CCEE18F22C1C06CD00405878 /* Info.plist */ = {isa = PBXFileReference; lastKnownFileType = text.plist.xml; path = Info.plist; sourceTree = "<group>"; };
		CCEE190A2C1C094800405878 /* NavigationBarTitleProtocol.swift */ = {isa = PBXFileReference; lastKnownFileType = sourcecode.swift; path = NavigationBarTitleProtocol.swift; sourceTree = "<group>"; };
		CCEE190E2C1C09F400405878 /* SettingListViewController.swift */ = {isa = PBXFileReference; lastKnownFileType = sourcecode.swift; path = SettingListViewController.swift; sourceTree = "<group>"; };
		CCEE19122C1C0A4F00405878 /* SearchViewController.swift */ = {isa = PBXFileReference; lastKnownFileType = sourcecode.swift; path = SearchViewController.swift; sourceTree = "<group>"; };
		CCEE19152C1C0A7200405878 /* TabBarController.swift */ = {isa = PBXFileReference; lastKnownFileType = sourcecode.swift; path = TabBarController.swift; sourceTree = "<group>"; };
		CCEE19182C1C0AEE00405878 /* SearchRootView.swift */ = {isa = PBXFileReference; lastKnownFileType = sourcecode.swift; path = SearchRootView.swift; sourceTree = "<group>"; };
		CCEE191B2C1C0B4A00405878 /* SettingListRootView.swift */ = {isa = PBXFileReference; lastKnownFileType = sourcecode.swift; path = SettingListRootView.swift; sourceTree = "<group>"; };
		CCEE192E2C1C29C400405878 /* TextButton.swift */ = {isa = PBXFileReference; lastKnownFileType = sourcecode.swift; path = TextButton.swift; sourceTree = "<group>"; };
		CCEE19312C1C2A9400405878 /* UIFont+Extension.swift */ = {isa = PBXFileReference; lastKnownFileType = sourcecode.swift; path = "UIFont+Extension.swift"; sourceTree = "<group>"; };
		CCEE19332C1C2D8A00405878 /* MultiStateTextButton.swift */ = {isa = PBXFileReference; lastKnownFileType = sourcecode.swift; path = MultiStateTextButton.swift; sourceTree = "<group>"; };
/* End PBXFileReference section */

/* Begin PBXFrameworksBuildPhase section */
		CCEE18DE2C1C06CC00405878 /* Frameworks */ = {
			isa = PBXFrameworksBuildPhase;
			buildActionMask = 2147483647;
			files = (
				CCEE19002C1C074B00405878 /* Kingfisher in Frameworks */,
				CCEE18FA2C1C073500405878 /* Alamofire in Frameworks */,
				CCEE18FD2C1C074200405878 /* SnapKit in Frameworks */,
				CCEE19032C1C075400405878 /* Then in Frameworks */,
			);
			runOnlyForDeploymentPostprocessing = 0;
		};
/* End PBXFrameworksBuildPhase section */

/* Begin PBXGroup section */
		CCEE18D82C1C06CC00405878 = {
			isa = PBXGroup;
			children = (
				CCEE18E32C1C06CC00405878 /* Shoppang! */,
				CCEE18E22C1C06CC00405878 /* Products */,
			);
			sourceTree = "<group>";
		};
		CCEE18E22C1C06CC00405878 /* Products */ = {
			isa = PBXGroup;
			children = (
				CCEE18E12C1C06CC00405878 /* Shoppang!.app */,
			);
			name = Products;
			sourceTree = "<group>";
		};
		CCEE18E32C1C06CC00405878 /* Shoppang! */ = {
			isa = PBXGroup;
			children = (
				CCEE19052C1C080500405878 /* Sources */,
				CCEE19042C1C07F500405878 /* Resources */,
				CCEE18F22C1C06CD00405878 /* Info.plist */,
			);
			path = "Shoppang!";
			sourceTree = "<group>";
		};
		CCEE19042C1C07F500405878 /* Resources */ = {
			isa = PBXGroup;
			children = (
				CCEE18ED2C1C06CD00405878 /* Assets.xcassets */,
				CCEE18EF2C1C06CD00405878 /* LaunchScreen.storyboard */,
			);
			path = Resources;
			sourceTree = "<group>";
		};
		CCEE19052C1C080500405878 /* Sources */ = {
			isa = PBXGroup;
			children = (
				CCEE19302C1C2A8200405878 /* Extensions */,
				CCEE19092C1C092900405878 /* Protocols */,
				CCEE19072C1C081900405878 /* Presenter */,
				CCEE19062C1C080D00405878 /* App */,
			);
			path = Sources;
			sourceTree = "<group>";
		};
		CCEE19062C1C080D00405878 /* App */ = {
			isa = PBXGroup;
			children = (
				CCEE18E42C1C06CC00405878 /* AppDelegate.swift */,
				CCEE18E62C1C06CC00405878 /* SceneDelegate.swift */,
			);
			path = App;
			sourceTree = "<group>";
		};
		CCEE19072C1C081900405878 /* Presenter */ = {
			isa = PBXGroup;
			children = (
				CCEE192C2C1C29B100405878 /* Reusable */,
				CCEE19142C1C0A6300405878 /* TabBar */,
				CCEE19102C1C0A0E00405878 /* SearchProductScreens */,
				CCEE190C2C1C09C400405878 /* UserSettingScreens */,
				CCEE19082C1C08B400405878 /* Base */,
			);
			path = Presenter;
			sourceTree = "<group>";
		};
		CCEE19082C1C08B400405878 /* Base */ = {
			isa = PBXGroup;
			children = (
				CCEE18E82C1C06CC00405878 /* BaseViewController.swift */,
			);
			path = Base;
			sourceTree = "<group>";
		};
		CCEE19092C1C092900405878 /* Protocols */ = {
			isa = PBXGroup;
			children = (
				CCEE190A2C1C094800405878 /* NavigationBarTitleProtocol.swift */,
			);
			path = Protocols;
			sourceTree = "<group>";
		};
		CCEE190C2C1C09C400405878 /* UserSettingScreens */ = {
			isa = PBXGroup;
			children = (
				CCEE190D2C1C09E400405878 /* SettingListScreen */,
			);
			path = UserSettingScreens;
			sourceTree = "<group>";
		};
		CCEE190D2C1C09E400405878 /* SettingListScreen */ = {
			isa = PBXGroup;
			children = (
				CCEE191A2C1C0B3A00405878 /* View */,
				CCEE190E2C1C09F400405878 /* SettingListViewController.swift */,
			);
			path = SettingListScreen;
			sourceTree = "<group>";
		};
		CCEE19102C1C0A0E00405878 /* SearchProductScreens */ = {
			isa = PBXGroup;
			children = (
				CCEE19112C1C0A3C00405878 /* SearchScreen */,
			);
			path = SearchProductScreens;
			sourceTree = "<group>";
		};
		CCEE19112C1C0A3C00405878 /* SearchScreen */ = {
			isa = PBXGroup;
			children = (
				CCEE19172C1C0ADC00405878 /* View */,
				CCEE19122C1C0A4F00405878 /* SearchViewController.swift */,
			);
			path = SearchScreen;
			sourceTree = "<group>";
		};
		CCEE19142C1C0A6300405878 /* TabBar */ = {
			isa = PBXGroup;
			children = (
				CCEE19152C1C0A7200405878 /* TabBarController.swift */,
			);
			path = TabBar;
			sourceTree = "<group>";
		};
		CCEE19172C1C0ADC00405878 /* View */ = {
			isa = PBXGroup;
			children = (
				CCEE19182C1C0AEE00405878 /* SearchRootView.swift */,
			);
			path = View;
			sourceTree = "<group>";
		};
		CCEE191A2C1C0B3A00405878 /* View */ = {
			isa = PBXGroup;
			children = (
				CCEE191B2C1C0B4A00405878 /* SettingListRootView.swift */,
			);
			path = View;
			sourceTree = "<group>";
		};
		CCEE192C2C1C29B100405878 /* Reusable */ = {
			isa = PBXGroup;
			children = (
				CCEE192D2C1C29B900405878 /* Buttons */,
			);
			path = Reusable;
			sourceTree = "<group>";
		};
		CCEE192D2C1C29B900405878 /* Buttons */ = {
			isa = PBXGroup;
			children = (
				CCEE192E2C1C29C400405878 /* TextButton.swift */,
				CCEE19332C1C2D8A00405878 /* MultiStateTextButton.swift */,
			);
			path = Buttons;
			sourceTree = "<group>";
		};
		CCEE19302C1C2A8200405878 /* Extensions */ = {
			isa = PBXGroup;
			children = (
				CCEE19312C1C2A9400405878 /* UIFont+Extension.swift */,
			);
			path = Extensions;
			sourceTree = "<group>";
		};
/* End PBXGroup section */

/* Begin PBXNativeTarget section */
		CCEE18E02C1C06CC00405878 /* Shoppang! */ = {
			isa = PBXNativeTarget;
			buildConfigurationList = CCEE18F52C1C06CD00405878 /* Build configuration list for PBXNativeTarget "Shoppang!" */;
			buildPhases = (
				CCEE18DD2C1C06CC00405878 /* Sources */,
				CCEE18DE2C1C06CC00405878 /* Frameworks */,
				CCEE18DF2C1C06CC00405878 /* Resources */,
			);
			buildRules = (
			);
			dependencies = (
			);
			name = "Shoppang!";
			packageProductDependencies = (
				CCEE18F92C1C073500405878 /* Alamofire */,
				CCEE18FC2C1C074200405878 /* SnapKit */,
				CCEE18FF2C1C074B00405878 /* Kingfisher */,
				CCEE19022C1C075400405878 /* Then */,
			);
			productName = "Shoppang!";
			productReference = CCEE18E12C1C06CC00405878 /* Shoppang!.app */;
			productType = "com.apple.product-type.application";
		};
/* End PBXNativeTarget section */

/* Begin PBXProject section */
		CCEE18D92C1C06CC00405878 /* Project object */ = {
			isa = PBXProject;
			attributes = {
				BuildIndependentTargetsInParallel = 1;
				LastSwiftUpdateCheck = 1540;
				LastUpgradeCheck = 1540;
				TargetAttributes = {
					CCEE18E02C1C06CC00405878 = {
						CreatedOnToolsVersion = 15.4;
					};
				};
			};
			buildConfigurationList = CCEE18DC2C1C06CC00405878 /* Build configuration list for PBXProject "Shoppang!" */;
			compatibilityVersion = "Xcode 14.0";
			developmentRegion = en;
			hasScannedForEncodings = 0;
			knownRegions = (
				en,
				Base,
			);
			mainGroup = CCEE18D82C1C06CC00405878;
			packageReferences = (
				CCEE18F82C1C073500405878 /* XCRemoteSwiftPackageReference "Alamofire" */,
				CCEE18FB2C1C074200405878 /* XCRemoteSwiftPackageReference "SnapKit" */,
				CCEE18FE2C1C074B00405878 /* XCRemoteSwiftPackageReference "Kingfisher" */,
				CCEE19012C1C075400405878 /* XCRemoteSwiftPackageReference "Then" */,
			);
			productRefGroup = CCEE18E22C1C06CC00405878 /* Products */;
			projectDirPath = "";
			projectRoot = "";
			targets = (
				CCEE18E02C1C06CC00405878 /* Shoppang! */,
			);
		};
/* End PBXProject section */

/* Begin PBXResourcesBuildPhase section */
		CCEE18DF2C1C06CC00405878 /* Resources */ = {
			isa = PBXResourcesBuildPhase;
			buildActionMask = 2147483647;
			files = (
				CCEE18EE2C1C06CD00405878 /* Assets.xcassets in Resources */,
				CCEE18F12C1C06CD00405878 /* Base in Resources */,
			);
			runOnlyForDeploymentPostprocessing = 0;
		};
/* End PBXResourcesBuildPhase section */

/* Begin PBXSourcesBuildPhase section */
		CCEE18DD2C1C06CC00405878 /* Sources */ = {
			isa = PBXSourcesBuildPhase;
			buildActionMask = 2147483647;
			files = (
				CCEE19132C1C0A4F00405878 /* SearchViewController.swift in Sources */,
				CCEE190F2C1C09F400405878 /* SettingListViewController.swift in Sources */,
				CCEE190B2C1C094800405878 /* NavigationBarTitleProtocol.swift in Sources */,
				CCEE191C2C1C0B4A00405878 /* SettingListRootView.swift in Sources */,
				CCEE18E92C1C06CC00405878 /* BaseViewController.swift in Sources */,
				CCEE19192C1C0AEE00405878 /* SearchRootView.swift in Sources */,
				CCEE19342C1C2D8A00405878 /* MultiStateTextButton.swift in Sources */,
				CCEE192F2C1C29C400405878 /* TextButton.swift in Sources */,
				CCEE19162C1C0A7200405878 /* TabBarController.swift in Sources */,
				CCEE18E52C1C06CC00405878 /* AppDelegate.swift in Sources */,
				CCEE18E72C1C06CC00405878 /* SceneDelegate.swift in Sources */,
				CCEE19322C1C2A9400405878 /* UIFont+Extension.swift in Sources */,
			);
			runOnlyForDeploymentPostprocessing = 0;
		};
/* End PBXSourcesBuildPhase section */

/* Begin PBXVariantGroup section */
		CCEE18EF2C1C06CD00405878 /* LaunchScreen.storyboard */ = {
			isa = PBXVariantGroup;
			children = (
				CCEE18F02C1C06CD00405878 /* Base */,
			);
			name = LaunchScreen.storyboard;
			sourceTree = "<group>";
		};
/* End PBXVariantGroup section */

/* Begin XCBuildConfiguration section */
		CCEE18F32C1C06CD00405878 /* Debug */ = {
			isa = XCBuildConfiguration;
			buildSettings = {
				ALWAYS_SEARCH_USER_PATHS = NO;
				ASSETCATALOG_COMPILER_GENERATE_SWIFT_ASSET_SYMBOL_EXTENSIONS = YES;
				CLANG_ANALYZER_NONNULL = YES;
				CLANG_ANALYZER_NUMBER_OBJECT_CONVERSION = YES_AGGRESSIVE;
				CLANG_CXX_LANGUAGE_STANDARD = "gnu++20";
				CLANG_ENABLE_MODULES = YES;
				CLANG_ENABLE_OBJC_ARC = YES;
				CLANG_ENABLE_OBJC_WEAK = YES;
				CLANG_WARN_BLOCK_CAPTURE_AUTORELEASING = YES;
				CLANG_WARN_BOOL_CONVERSION = YES;
				CLANG_WARN_COMMA = YES;
				CLANG_WARN_CONSTANT_CONVERSION = YES;
				CLANG_WARN_DEPRECATED_OBJC_IMPLEMENTATIONS = YES;
				CLANG_WARN_DIRECT_OBJC_ISA_USAGE = YES_ERROR;
				CLANG_WARN_DOCUMENTATION_COMMENTS = YES;
				CLANG_WARN_EMPTY_BODY = YES;
				CLANG_WARN_ENUM_CONVERSION = YES;
				CLANG_WARN_INFINITE_RECURSION = YES;
				CLANG_WARN_INT_CONVERSION = YES;
				CLANG_WARN_NON_LITERAL_NULL_CONVERSION = YES;
				CLANG_WARN_OBJC_IMPLICIT_RETAIN_SELF = YES;
				CLANG_WARN_OBJC_LITERAL_CONVERSION = YES;
				CLANG_WARN_OBJC_ROOT_CLASS = YES_ERROR;
				CLANG_WARN_QUOTED_INCLUDE_IN_FRAMEWORK_HEADER = YES;
				CLANG_WARN_RANGE_LOOP_ANALYSIS = YES;
				CLANG_WARN_STRICT_PROTOTYPES = YES;
				CLANG_WARN_SUSPICIOUS_MOVE = YES;
				CLANG_WARN_UNGUARDED_AVAILABILITY = YES_AGGRESSIVE;
				CLANG_WARN_UNREACHABLE_CODE = YES;
				CLANG_WARN__DUPLICATE_METHOD_MATCH = YES;
				COPY_PHASE_STRIP = NO;
				DEBUG_INFORMATION_FORMAT = dwarf;
				ENABLE_STRICT_OBJC_MSGSEND = YES;
				ENABLE_TESTABILITY = YES;
				ENABLE_USER_SCRIPT_SANDBOXING = YES;
				GCC_C_LANGUAGE_STANDARD = gnu17;
				GCC_DYNAMIC_NO_PIC = NO;
				GCC_NO_COMMON_BLOCKS = YES;
				GCC_OPTIMIZATION_LEVEL = 0;
				GCC_PREPROCESSOR_DEFINITIONS = (
					"DEBUG=1",
					"$(inherited)",
				);
				GCC_WARN_64_TO_32_BIT_CONVERSION = YES;
				GCC_WARN_ABOUT_RETURN_TYPE = YES_ERROR;
				GCC_WARN_UNDECLARED_SELECTOR = YES;
				GCC_WARN_UNINITIALIZED_AUTOS = YES_AGGRESSIVE;
				GCC_WARN_UNUSED_FUNCTION = YES;
				GCC_WARN_UNUSED_VARIABLE = YES;
				IPHONEOS_DEPLOYMENT_TARGET = 15.0;
				LOCALIZATION_PREFERS_STRING_CATALOGS = YES;
				MTL_ENABLE_DEBUG_INFO = INCLUDE_SOURCE;
				MTL_FAST_MATH = YES;
				ONLY_ACTIVE_ARCH = YES;
				SDKROOT = iphoneos;
				SWIFT_ACTIVE_COMPILATION_CONDITIONS = "DEBUG $(inherited)";
				SWIFT_OPTIMIZATION_LEVEL = "-Onone";
			};
			name = Debug;
		};
		CCEE18F42C1C06CD00405878 /* Release */ = {
			isa = XCBuildConfiguration;
			buildSettings = {
				ALWAYS_SEARCH_USER_PATHS = NO;
				ASSETCATALOG_COMPILER_GENERATE_SWIFT_ASSET_SYMBOL_EXTENSIONS = YES;
				CLANG_ANALYZER_NONNULL = YES;
				CLANG_ANALYZER_NUMBER_OBJECT_CONVERSION = YES_AGGRESSIVE;
				CLANG_CXX_LANGUAGE_STANDARD = "gnu++20";
				CLANG_ENABLE_MODULES = YES;
				CLANG_ENABLE_OBJC_ARC = YES;
				CLANG_ENABLE_OBJC_WEAK = YES;
				CLANG_WARN_BLOCK_CAPTURE_AUTORELEASING = YES;
				CLANG_WARN_BOOL_CONVERSION = YES;
				CLANG_WARN_COMMA = YES;
				CLANG_WARN_CONSTANT_CONVERSION = YES;
				CLANG_WARN_DEPRECATED_OBJC_IMPLEMENTATIONS = YES;
				CLANG_WARN_DIRECT_OBJC_ISA_USAGE = YES_ERROR;
				CLANG_WARN_DOCUMENTATION_COMMENTS = YES;
				CLANG_WARN_EMPTY_BODY = YES;
				CLANG_WARN_ENUM_CONVERSION = YES;
				CLANG_WARN_INFINITE_RECURSION = YES;
				CLANG_WARN_INT_CONVERSION = YES;
				CLANG_WARN_NON_LITERAL_NULL_CONVERSION = YES;
				CLANG_WARN_OBJC_IMPLICIT_RETAIN_SELF = YES;
				CLANG_WARN_OBJC_LITERAL_CONVERSION = YES;
				CLANG_WARN_OBJC_ROOT_CLASS = YES_ERROR;
				CLANG_WARN_QUOTED_INCLUDE_IN_FRAMEWORK_HEADER = YES;
				CLANG_WARN_RANGE_LOOP_ANALYSIS = YES;
				CLANG_WARN_STRICT_PROTOTYPES = YES;
				CLANG_WARN_SUSPICIOUS_MOVE = YES;
				CLANG_WARN_UNGUARDED_AVAILABILITY = YES_AGGRESSIVE;
				CLANG_WARN_UNREACHABLE_CODE = YES;
				CLANG_WARN__DUPLICATE_METHOD_MATCH = YES;
				COPY_PHASE_STRIP = NO;
				DEBUG_INFORMATION_FORMAT = "dwarf-with-dsym";
				ENABLE_NS_ASSERTIONS = NO;
				ENABLE_STRICT_OBJC_MSGSEND = YES;
				ENABLE_USER_SCRIPT_SANDBOXING = YES;
				GCC_C_LANGUAGE_STANDARD = gnu17;
				GCC_NO_COMMON_BLOCKS = YES;
				GCC_WARN_64_TO_32_BIT_CONVERSION = YES;
				GCC_WARN_ABOUT_RETURN_TYPE = YES_ERROR;
				GCC_WARN_UNDECLARED_SELECTOR = YES;
				GCC_WARN_UNINITIALIZED_AUTOS = YES_AGGRESSIVE;
				GCC_WARN_UNUSED_FUNCTION = YES;
				GCC_WARN_UNUSED_VARIABLE = YES;
				IPHONEOS_DEPLOYMENT_TARGET = 15.0;
				LOCALIZATION_PREFERS_STRING_CATALOGS = YES;
				MTL_ENABLE_DEBUG_INFO = NO;
				MTL_FAST_MATH = YES;
				SDKROOT = iphoneos;
				SWIFT_COMPILATION_MODE = wholemodule;
				VALIDATE_PRODUCT = YES;
			};
			name = Release;
		};
		CCEE18F62C1C06CD00405878 /* Debug */ = {
			isa = XCBuildConfiguration;
			buildSettings = {
				ASSETCATALOG_COMPILER_APPICON_NAME = AppIcon;
				ASSETCATALOG_COMPILER_GLOBAL_ACCENT_COLOR_NAME = AccentColor;
				CODE_SIGN_STYLE = Automatic;
				CURRENT_PROJECT_VERSION = 1;
				DEVELOPMENT_TEAM = YWNQ4RZBTS;
				GENERATE_INFOPLIST_FILE = YES;
				INFOPLIST_FILE = "Shoppang!/Info.plist";
				INFOPLIST_KEY_UIApplicationSupportsIndirectInputEvents = YES;
				INFOPLIST_KEY_UILaunchStoryboardName = LaunchScreen;
				INFOPLIST_KEY_UISupportedInterfaceOrientations = UIInterfaceOrientationPortrait;
				INFOPLIST_KEY_UISupportedInterfaceOrientations_iPad = "UIInterfaceOrientationLandscapeLeft UIInterfaceOrientationLandscapeRight UIInterfaceOrientationPortrait UIInterfaceOrientationPortraitUpsideDown";
				IPHONEOS_DEPLOYMENT_TARGET = 15.0;
				LD_RUNPATH_SEARCH_PATHS = (
					"$(inherited)",
					"@executable_path/Frameworks",
				);
				MARKETING_VERSION = 1.0;
				PRODUCT_BUNDLE_IDENTIFIER = "com.jinyoo.sesac.Shoppang-";
				PRODUCT_NAME = "$(TARGET_NAME)";
				SUPPORTED_PLATFORMS = "iphoneos iphonesimulator";
				SUPPORTS_MACCATALYST = NO;
				SUPPORTS_MAC_DESIGNED_FOR_IPHONE_IPAD = NO;
				SUPPORTS_XR_DESIGNED_FOR_IPHONE_IPAD = NO;
				SWIFT_EMIT_LOC_STRINGS = YES;
				SWIFT_VERSION = 5.0;
				TARGETED_DEVICE_FAMILY = 1;
			};
			name = Debug;
		};
		CCEE18F72C1C06CD00405878 /* Release */ = {
			isa = XCBuildConfiguration;
			buildSettings = {
				ASSETCATALOG_COMPILER_APPICON_NAME = AppIcon;
				ASSETCATALOG_COMPILER_GLOBAL_ACCENT_COLOR_NAME = AccentColor;
				CODE_SIGN_STYLE = Automatic;
				CURRENT_PROJECT_VERSION = 1;
				DEVELOPMENT_TEAM = YWNQ4RZBTS;
				GENERATE_INFOPLIST_FILE = YES;
				INFOPLIST_FILE = "Shoppang!/Info.plist";
				INFOPLIST_KEY_UIApplicationSupportsIndirectInputEvents = YES;
				INFOPLIST_KEY_UILaunchStoryboardName = LaunchScreen;
				INFOPLIST_KEY_UISupportedInterfaceOrientations = UIInterfaceOrientationPortrait;
				INFOPLIST_KEY_UISupportedInterfaceOrientations_iPad = "UIInterfaceOrientationLandscapeLeft UIInterfaceOrientationLandscapeRight UIInterfaceOrientationPortrait UIInterfaceOrientationPortraitUpsideDown";
				IPHONEOS_DEPLOYMENT_TARGET = 15.0;
				LD_RUNPATH_SEARCH_PATHS = (
					"$(inherited)",
					"@executable_path/Frameworks",
				);
				MARKETING_VERSION = 1.0;
				PRODUCT_BUNDLE_IDENTIFIER = "com.jinyoo.sesac.Shoppang-";
				PRODUCT_NAME = "$(TARGET_NAME)";
				SUPPORTED_PLATFORMS = "iphoneos iphonesimulator";
				SUPPORTS_MACCATALYST = NO;
				SUPPORTS_MAC_DESIGNED_FOR_IPHONE_IPAD = NO;
				SUPPORTS_XR_DESIGNED_FOR_IPHONE_IPAD = NO;
				SWIFT_EMIT_LOC_STRINGS = YES;
				SWIFT_VERSION = 5.0;
				TARGETED_DEVICE_FAMILY = 1;
			};
			name = Release;
		};
/* End XCBuildConfiguration section */

/* Begin XCConfigurationList section */
		CCEE18DC2C1C06CC00405878 /* Build configuration list for PBXProject "Shoppang!" */ = {
			isa = XCConfigurationList;
			buildConfigurations = (
				CCEE18F32C1C06CD00405878 /* Debug */,
				CCEE18F42C1C06CD00405878 /* Release */,
			);
			defaultConfigurationIsVisible = 0;
			defaultConfigurationName = Release;
		};
		CCEE18F52C1C06CD00405878 /* Build configuration list for PBXNativeTarget "Shoppang!" */ = {
			isa = XCConfigurationList;
			buildConfigurations = (
				CCEE18F62C1C06CD00405878 /* Debug */,
				CCEE18F72C1C06CD00405878 /* Release */,
			);
			defaultConfigurationIsVisible = 0;
			defaultConfigurationName = Release;
		};
/* End XCConfigurationList section */

/* Begin XCRemoteSwiftPackageReference section */
		CCEE18F82C1C073500405878 /* XCRemoteSwiftPackageReference "Alamofire" */ = {
			isa = XCRemoteSwiftPackageReference;
			repositoryURL = "https://github.com/Alamofire/Alamofire.git";
			requirement = {
				kind = upToNextMajorVersion;
				minimumVersion = 5.9.1;
			};
		};
		CCEE18FB2C1C074200405878 /* XCRemoteSwiftPackageReference "SnapKit" */ = {
			isa = XCRemoteSwiftPackageReference;
			repositoryURL = "https://github.com/SnapKit/SnapKit.git";
			requirement = {
				kind = upToNextMajorVersion;
				minimumVersion = 5.7.1;
			};
		};
		CCEE18FE2C1C074B00405878 /* XCRemoteSwiftPackageReference "Kingfisher" */ = {
			isa = XCRemoteSwiftPackageReference;
			repositoryURL = "https://github.com/onevcat/Kingfisher";
			requirement = {
				kind = upToNextMajorVersion;
				minimumVersion = 7.12.0;
			};
		};
		CCEE19012C1C075400405878 /* XCRemoteSwiftPackageReference "Then" */ = {
			isa = XCRemoteSwiftPackageReference;
			repositoryURL = "https://github.com/devxoul/Then.git";
			requirement = {
				kind = upToNextMajorVersion;
				minimumVersion = 3.0.0;
			};
		};
/* End XCRemoteSwiftPackageReference section */

/* Begin XCSwiftPackageProductDependency section */
		CCEE18F92C1C073500405878 /* Alamofire */ = {
			isa = XCSwiftPackageProductDependency;
			package = CCEE18F82C1C073500405878 /* XCRemoteSwiftPackageReference "Alamofire" */;
			productName = Alamofire;
		};
		CCEE18FC2C1C074200405878 /* SnapKit */ = {
			isa = XCSwiftPackageProductDependency;
			package = CCEE18FB2C1C074200405878 /* XCRemoteSwiftPackageReference "SnapKit" */;
			productName = SnapKit;
		};
		CCEE18FF2C1C074B00405878 /* Kingfisher */ = {
			isa = XCSwiftPackageProductDependency;
			package = CCEE18FE2C1C074B00405878 /* XCRemoteSwiftPackageReference "Kingfisher" */;
			productName = Kingfisher;
		};
		CCEE19022C1C075400405878 /* Then */ = {
			isa = XCSwiftPackageProductDependency;
			package = CCEE19012C1C075400405878 /* XCRemoteSwiftPackageReference "Then" */;
			productName = Then;
		};
/* End XCSwiftPackageProductDependency section */
	};
	rootObject = CCEE18D92C1C06CC00405878 /* Project object */;
}
